PODS:
  - Flutter (1.0.0)
  - wecom_flutter (0.0.1):
    - Flutter

DEPENDENCIES:
  - Flutter (from `Flutter`)
  - wecom_flutter (from `.symlinks/plugins/wecom_flutter/ios`)

EXTERNAL SOURCES:
  Flutter:
    :path: Flutter
  wecom_flutter:
    :path: ".symlinks/plugins/wecom_flutter/ios"

SPEC CHECKSUMS:
  Flutter: f04841e97a9d0b0a8025694d0796dd46242b2854
  wecom_flutter: 33854c1794a07e06c5d19b1d6aff6c13dc78a443

PODFILE CHECKSUM: fb8d7b3c682ea3bea514eb23c538c90f225a5549

COCOAPODS: 1.11.3
